
Microsoft Visual Studio Solution File, Format Version 12.00
# Visual Studio Version 17
VisualStudioVersion = 17.3.32901.215
MinimumVisualStudioVersion = 10.0.40219.1
Project("{2150E333-8FDC-42A3-9474-1A3956D46DE8}") = "apps", "apps", "{7D7F0BEE-75C8-4CB0-9748-20A4B0BB18AD}"
EndProject
Project("{9A19103F-16F7-4668-BE54-9A1E7A4F7556}") = "MobileMaui", "apps\MobileMaui\MobileMaui.csproj", "{343B7E80-C527-44C3-9AC3-793301EBCC25}"
EndProject
Project("{9A19103F-16F7-4668-BE54-9A1E7A4F7556}") = "CoreLib", "libraries\CoreLib\CoreLib.csproj", "{1D062646-50E7-4C3C-93BF-2EF278072837}"
EndProject
Project("{2150E333-8FDC-42A3-9474-1A3956D46DE8}") = "libraries", "libraries", "{8F7A9520-B8BF-4617-9154-E057AACD7480}"
EndProject
Project("{9A19103F-16F7-4668-BE54-9A1E7A4F7556}") = "Functions", "apps\NotificationHubs\Functions\Functions.csproj", "{1A4B801A-E1F8-40EF-ADC9-7F7A7A6853D3}"
EndProject
Project("{2150E333-8FDC-42A3-9474-1A3956D46DE8}") = "NotificationHubs", "NotificationHubs", "{DD8145A3-7298-46B0-B82A-FEBE3AA8633A}"
EndProject
Project("{2150E333-8FDC-42A3-9474-1A3956D46DE8}") = "AzureCommunicationServices", "AzureCommunicationServices", "{29D939E1-460A-4EDE-A00F-3380E8CB89EB}"
EndProject
Project("{9A19103F-16F7-4668-BE54-9A1E7A4F7556}") = "Functions", "apps\AzureCommunicationServices\Functions\Functions.csproj", "{189D86F3-9F7E-4316-B70D-92927E2A8EA5}"
EndProject
Global
	GlobalSection(SolutionConfigurationPlatforms) = preSolution
		Debug|Any CPU = Debug|Any CPU
		Release|Any CPU = Release|Any CPU
	EndGlobalSection
	GlobalSection(ProjectConfigurationPlatforms) = postSolution
		{343B7E80-C527-44C3-9AC3-793301EBCC25}.Debug|Any CPU.ActiveCfg = Debug|Any CPU
		{343B7E80-C527-44C3-9AC3-793301EBCC25}.Debug|Any CPU.Build.0 = Debug|Any CPU
		{343B7E80-C527-44C3-9AC3-793301EBCC25}.Debug|Any CPU.Deploy.0 = Debug|Any CPU
		{343B7E80-C527-44C3-9AC3-793301EBCC25}.Release|Any CPU.ActiveCfg = Release|Any CPU
		{343B7E80-C527-44C3-9AC3-793301EBCC25}.Release|Any CPU.Build.0 = Release|Any CPU
		{1D062646-50E7-4C3C-93BF-2EF278072837}.Debug|Any CPU.ActiveCfg = Debug|Any CPU
		{1D062646-50E7-4C3C-93BF-2EF278072837}.Debug|Any CPU.Build.0 = Debug|Any CPU
		{1D062646-50E7-4C3C-93BF-2EF278072837}.Release|Any CPU.ActiveCfg = Release|Any CPU
		{1D062646-50E7-4C3C-93BF-2EF278072837}.Release|Any CPU.Build.0 = Release|Any CPU
		{1A4B801A-E1F8-40EF-ADC9-7F7A7A6853D3}.Debug|Any CPU.ActiveCfg = Debug|Any CPU
		{1A4B801A-E1F8-40EF-ADC9-7F7A7A6853D3}.Debug|Any CPU.Build.0 = Debug|Any CPU
		{1A4B801A-E1F8-40EF-ADC9-7F7A7A6853D3}.Release|Any CPU.ActiveCfg = Release|Any CPU
		{1A4B801A-E1F8-40EF-ADC9-7F7A7A6853D3}.Release|Any CPU.Build.0 = Release|Any CPU
		{189D86F3-9F7E-4316-B70D-92927E2A8EA5}.Debug|Any CPU.ActiveCfg = Debug|Any CPU
		{189D86F3-9F7E-4316-B70D-92927E2A8EA5}.Debug|Any CPU.Build.0 = Debug|Any CPU
		{189D86F3-9F7E-4316-B70D-92927E2A8EA5}.Release|Any CPU.ActiveCfg = Release|Any CPU
		{189D86F3-9F7E-4316-B70D-92927E2A8EA5}.Release|Any CPU.Build.0 = Release|Any CPU
	EndGlobalSection
	GlobalSection(SolutionProperties) = preSolution
		HideSolutionNode = FALSE
	EndGlobalSection
	GlobalSection(NestedProjects) = preSolution
		{343B7E80-C527-44C3-9AC3-793301EBCC25} = {7D7F0BEE-75C8-4CB0-9748-20A4B0BB18AD}
		{1D062646-50E7-4C3C-93BF-2EF278072837} = {8F7A9520-B8BF-4617-9154-E057AACD7480}
		{1A4B801A-E1F8-40EF-ADC9-7F7A7A6853D3} = {DD8145A3-7298-46B0-B82A-FEBE3AA8633A}
		{DD8145A3-7298-46B0-B82A-FEBE3AA8633A} = {7D7F0BEE-75C8-4CB0-9748-20A4B0BB18AD}
		{29D939E1-460A-4EDE-A00F-3380E8CB89EB} = {7D7F0BEE-75C8-4CB0-9748-20A4B0BB18AD}
		{189D86F3-9F7E-4316-B70D-92927E2A8EA5} = {29D939E1-460A-4EDE-A00F-3380E8CB89EB}
	EndGlobalSection
	GlobalSection(ExtensibilityGlobals) = postSolution
		SolutionGuid = {577567FD-21DB-4EC8-950F-6A8D7470482C}
	EndGlobalSection
EndGlobal
